
Microsoft Visual Studio Solution File, Format Version 12.00
# Visual Studio 2013
VisualStudioVersion = 12.0.21005.1
MinimumVisualStudioVersion = 10.0.40219.1
Project("{FAE04EC0-301F-11D3-BF4B-00C04F79EFBC}") = "MEY.B2C.Data", "MEY.B2C.Data\MEY.B2C.Data.csproj", "{75579CA5-419E-4451-BC33-B2E3BC453140}"
	ProjectSection(ProjectDependencies) = postProject
		{CE632B23-EF74-424C-B55E-471F448AFDB4} = {CE632B23-EF74-424C-B55E-471F448AFDB4}
	EndProjectSection
EndProject
Project("{FAE04EC0-301F-11D3-BF4B-00C04F79EFBC}") = "MEY.B2C.Business", "MEY.B2C.Business\MEY.B2C.Business.csproj", "{F3479331-B8C0-4524-93A8-CF85804FD9F1}"
	ProjectSection(ProjectDependencies) = postProject
		{75579CA5-419E-4451-BC33-B2E3BC453140} = {75579CA5-419E-4451-BC33-B2E3BC453140}
	EndProjectSection
EndProject
Project("{FAE04EC0-301F-11D3-BF4B-00C04F79EFBC}") = "MEY.B2C.Service.WebApi", "MEY.B2C.Service.WebApi\MEY.B2C.Service.WebApi.csproj", "{31C0FBB9-AE43-4620-9F3F-70B241B1E23A}"
	ProjectSection(ProjectDependencies) = postProject
		{F3479331-B8C0-4524-93A8-CF85804FD9F1} = {F3479331-B8C0-4524-93A8-CF85804FD9F1}
		{75579CA5-419E-4451-BC33-B2E3BC453140} = {75579CA5-419E-4451-BC33-B2E3BC453140}
	EndProjectSection
EndProject
Project("{FAE04EC0-301F-11D3-BF4B-00C04F79EFBC}") = "MEY.B2C.Common", "MEY.B2C.Common\MEY.B2C.Common.csproj", "{CE632B23-EF74-424C-B55E-471F448AFDB4}"
EndProject
Project("{FAE04EC0-301F-11D3-BF4B-00C04F79EFBC}") = "MEY.B2C.Presentation.Mvc", "MEY.B2C.Presentation.Mvc\MEY.B2C.Presentation.Mvc.csproj", "{F5659D92-FDB6-4B2E-9552-0F3B4EA1A84F}"
EndProject
Project("{2150E333-8FDC-42A3-9474-1A3956D46DE8}") = ".nuget", ".nuget", "{70DE96D2-FDC8-4631-BBA9-A31C55A03FCE}"
	ProjectSection(SolutionItems) = preProject
		.nuget\packages.config = .nuget\packages.config
	EndProjectSection
EndProject
Global
	GlobalSection(SolutionConfigurationPlatforms) = preSolution
		Debug|Any CPU = Debug|Any CPU
		Release|Any CPU = Release|Any CPU
	EndGlobalSection
	GlobalSection(ProjectConfigurationPlatforms) = postSolution
		{75579CA5-419E-4451-BC33-B2E3BC453140}.Debug|Any CPU.ActiveCfg = Debug|Any CPU
		{75579CA5-419E-4451-BC33-B2E3BC453140}.Debug|Any CPU.Build.0 = Debug|Any CPU
		{75579CA5-419E-4451-BC33-B2E3BC453140}.Release|Any CPU.ActiveCfg = Release|Any CPU
		{75579CA5-419E-4451-BC33-B2E3BC453140}.Release|Any CPU.Build.0 = Release|Any CPU
		{F3479331-B8C0-4524-93A8-CF85804FD9F1}.Debug|Any CPU.ActiveCfg = Debug|Any CPU
		{F3479331-B8C0-4524-93A8-CF85804FD9F1}.Debug|Any CPU.Build.0 = Debug|Any CPU
		{F3479331-B8C0-4524-93A8-CF85804FD9F1}.Release|Any CPU.ActiveCfg = Release|Any CPU
		{F3479331-B8C0-4524-93A8-CF85804FD9F1}.Release|Any CPU.Build.0 = Release|Any CPU
		{31C0FBB9-AE43-4620-9F3F-70B241B1E23A}.Debug|Any CPU.ActiveCfg = Debug|Any CPU
		{31C0FBB9-AE43-4620-9F3F-70B241B1E23A}.Debug|Any CPU.Build.0 = Debug|Any CPU
		{31C0FBB9-AE43-4620-9F3F-70B241B1E23A}.Release|Any CPU.ActiveCfg = Release|Any CPU
		{31C0FBB9-AE43-4620-9F3F-70B241B1E23A}.Release|Any CPU.Build.0 = Release|Any CPU
		{CE632B23-EF74-424C-B55E-471F448AFDB4}.Debug|Any CPU.ActiveCfg = Debug|Any CPU
		{CE632B23-EF74-424C-B55E-471F448AFDB4}.Debug|Any CPU.Build.0 = Debug|Any CPU
		{CE632B23-EF74-424C-B55E-471F448AFDB4}.Release|Any CPU.ActiveCfg = Release|Any CPU
		{CE632B23-EF74-424C-B55E-471F448AFDB4}.Release|Any CPU.Build.0 = Release|Any CPU
		{F5659D92-FDB6-4B2E-9552-0F3B4EA1A84F}.Debug|Any CPU.ActiveCfg = Debug|Any CPU
		{F5659D92-FDB6-4B2E-9552-0F3B4EA1A84F}.Debug|Any CPU.Build.0 = Debug|Any CPU
		{F5659D92-FDB6-4B2E-9552-0F3B4EA1A84F}.Release|Any CPU.ActiveCfg = Release|Any CPU
		{F5659D92-FDB6-4B2E-9552-0F3B4EA1A84F}.Release|Any CPU.Build.0 = Release|Any CPU
	EndGlobalSection
	GlobalSection(SolutionProperties) = preSolution
		HideSolutionNode = FALSE
	EndGlobalSection
EndGlobal
